
Microsoft Visual Studio Solution File, Format Version 12.00
# Visual Studio 2013
VisualStudioVersion = 12.0.31101.0
MinimumVisualStudioVersion = 10.0.40219.1
Project("{8BC9CEB8-8B4A-11D0-8D11-00A0C91BC942}") = "SecureStringCodeGen", "SecureStringCodeGen\SecureStringCodeGen.vcxproj", "{6DD407FB-7721-4C52-B56E-5BD0AC740AB9}"
EndProject
Project("{FAE04EC0-301F-11D3-BF4B-00C04F79EFBC}") = "UnitTests.Desktop", "UnitTests.Desktop\UnitTests.Desktop.csproj", "{1E6C6AD0-13D5-44F6-976B-FB740085DD98}"
EndProject
Project("{FAE04EC0-301F-11D3-BF4B-00C04F79EFBC}") = "UnitTests.Windows", "UnitTests.Windows\UnitTests.Windows.csproj", "{0400FEF4-04EB-4137-BB4F-F083A8F7E45F}"
EndProject
Project("{FAE04EC0-301F-11D3-BF4B-00C04F79EFBC}") = "UnitTests.WindowsPhone", "UnitTests.WindowsPhone\UnitTests.WindowsPhone.csproj", "{EDA7F827-EE0E-46D2-A040-7702F69EE9E1}"
EndProject
Global
	GlobalSection(SolutionConfigurationPlatforms) = preSolution
		Debug|Any CPU = Debug|Any CPU
		Debug|ARM = Debug|ARM
		Debug|Mixed Platforms = Debug|Mixed Platforms
		Debug|Win32 = Debug|Win32
		Debug|x64 = Debug|x64
		Debug|x86 = Debug|x86
		Release|Any CPU = Release|Any CPU
		Release|ARM = Release|ARM
		Release|Mixed Platforms = Release|Mixed Platforms
		Release|Win32 = Release|Win32
		Release|x64 = Release|x64
		Release|x86 = Release|x86
	EndGlobalSection
	GlobalSection(ProjectConfigurationPlatforms) = postSolution
		{6DD407FB-7721-4C52-B56E-5BD0AC740AB9}.Debug|Any CPU.ActiveCfg = Debug|Win32
		{6DD407FB-7721-4C52-B56E-5BD0AC740AB9}.Debug|ARM.ActiveCfg = Debug|Win32
		{6DD407FB-7721-4C52-B56E-5BD0AC740AB9}.Debug|Mixed Platforms.ActiveCfg = Debug|Win32
		{6DD407FB-7721-4C52-B56E-5BD0AC740AB9}.Debug|Mixed Platforms.Build.0 = Debug|Win32
		{6DD407FB-7721-4C52-B56E-5BD0AC740AB9}.Debug|Win32.ActiveCfg = Debug|Win32
		{6DD407FB-7721-4C52-B56E-5BD0AC740AB9}.Debug|Win32.Build.0 = Debug|Win32
		{6DD407FB-7721-4C52-B56E-5BD0AC740AB9}.Debug|x64.ActiveCfg = Debug|Win32
		{6DD407FB-7721-4C52-B56E-5BD0AC740AB9}.Debug|x86.ActiveCfg = Debug|Win32
		{6DD407FB-7721-4C52-B56E-5BD0AC740AB9}.Debug|x86.Build.0 = Debug|Win32
		{6DD407FB-7721-4C52-B56E-5BD0AC740AB9}.Release|Any CPU.ActiveCfg = Release|Win32
		{6DD407FB-7721-4C52-B56E-5BD0AC740AB9}.Release|ARM.ActiveCfg = Release|Win32
		{6DD407FB-7721-4C52-B56E-5BD0AC740AB9}.Release|Mixed Platforms.ActiveCfg = Release|Win32
		{6DD407FB-7721-4C52-B56E-5BD0AC740AB9}.Release|Mixed Platforms.Build.0 = Release|Win32
		{6DD407FB-7721-4C52-B56E-5BD0AC740AB9}.Release|Win32.ActiveCfg = Release|Win32
		{6DD407FB-7721-4C52-B56E-5BD0AC740AB9}.Release|Win32.Build.0 = Release|Win32
		{6DD407FB-7721-4C52-B56E-5BD0AC740AB9}.Release|x64.ActiveCfg = Release|Win32
		{6DD407FB-7721-4C52-B56E-5BD0AC740AB9}.Release|x86.ActiveCfg = Release|Win32
		{6DD407FB-7721-4C52-B56E-5BD0AC740AB9}.Release|x86.Build.0 = Release|Win32
		{1E6C6AD0-13D5-44F6-976B-FB740085DD98}.Debug|Any CPU.ActiveCfg = Debug|Any CPU
		{1E6C6AD0-13D5-44F6-976B-FB740085DD98}.Debug|Any CPU.Build.0 = Debug|Any CPU
		{1E6C6AD0-13D5-44F6-976B-FB740085DD98}.Debug|ARM.ActiveCfg = Debug|Any CPU
		{1E6C6AD0-13D5-44F6-976B-FB740085DD98}.Debug|Mixed Platforms.ActiveCfg = Debug|Any CPU
		{1E6C6AD0-13D5-44F6-976B-FB740085DD98}.Debug|Mixed Platforms.Build.0 = Debug|Any CPU
		{1E6C6AD0-13D5-44F6-976B-FB740085DD98}.Debug|Win32.ActiveCfg = Debug|Any CPU
		{1E6C6AD0-13D5-44F6-976B-FB740085DD98}.Debug|x64.ActiveCfg = Debug|Any CPU
		{1E6C6AD0-13D5-44F6-976B-FB740085DD98}.Debug|x86.ActiveCfg = Debug|Any CPU
		{1E6C6AD0-13D5-44F6-976B-FB740085DD98}.Release|Any CPU.ActiveCfg = Release|Any CPU
		{1E6C6AD0-13D5-44F6-976B-FB740085DD98}.Release|Any CPU.Build.0 = Release|Any CPU
		{1E6C6AD0-13D5-44F6-976B-FB740085DD98}.Release|ARM.ActiveCfg = Release|Any CPU
		{1E6C6AD0-13D5-44F6-976B-FB740085DD98}.Release|Mixed Platforms.ActiveCfg = Release|Any CPU
		{1E6C6AD0-13D5-44F6-976B-FB740085DD98}.Release|Mixed Platforms.Build.0 = Release|Any CPU
		{1E6C6AD0-13D5-44F6-976B-FB740085DD98}.Release|Win32.ActiveCfg = Release|Any CPU
		{1E6C6AD0-13D5-44F6-976B-FB740085DD98}.Release|x64.ActiveCfg = Release|Any CPU
		{1E6C6AD0-13D5-44F6-976B-FB740085DD98}.Release|x86.ActiveCfg = Release|Any CPU
		{0400FEF4-04EB-4137-BB4F-F083A8F7E45F}.Debug|Any CPU.ActiveCfg = Debug|Any CPU
		{0400FEF4-04EB-4137-BB4F-F083A8F7E45F}.Debug|Any CPU.Build.0 = Debug|Any CPU
		{0400FEF4-04EB-4137-BB4F-F083A8F7E45F}.Debug|Any CPU.Deploy.0 = Debug|Any CPU
		{0400FEF4-04EB-4137-BB4F-F083A8F7E45F}.Debug|ARM.ActiveCfg = Debug|ARM
		{0400FEF4-04EB-4137-BB4F-F083A8F7E45F}.Debug|ARM.Build.0 = Debug|ARM
		{0400FEF4-04EB-4137-BB4F-F083A8F7E45F}.Debug|ARM.Deploy.0 = Debug|ARM
		{0400FEF4-04EB-4137-BB4F-F083A8F7E45F}.Debug|Mixed Platforms.ActiveCfg = Debug|x86
		{0400FEF4-04EB-4137-BB4F-F083A8F7E45F}.Debug|Mixed Platforms.Build.0 = Debug|x86
		{0400FEF4-04EB-4137-BB4F-F083A8F7E45F}.Debug|Mixed Platforms.Deploy.0 = Debug|x86
		{0400FEF4-04EB-4137-BB4F-F083A8F7E45F}.Debug|Win32.ActiveCfg = Debug|x86
		{0400FEF4-04EB-4137-BB4F-F083A8F7E45F}.Debug|Win32.Build.0 = Debug|x86
		{0400FEF4-04EB-4137-BB4F-F083A8F7E45F}.Debug|Win32.Deploy.0 = Debug|x86
		{0400FEF4-04EB-4137-BB4F-F083A8F7E45F}.Debug|x64.ActiveCfg = Debug|x64
		{0400FEF4-04EB-4137-BB4F-F083A8F7E45F}.Debug|x64.Build.0 = Debug|x64
		{0400FEF4-04EB-4137-BB4F-F083A8F7E45F}.Debug|x64.Deploy.0 = Debug|x64
		{0400FEF4-04EB-4137-BB4F-F083A8F7E45F}.Debug|x86.ActiveCfg = Debug|x86
		{0400FEF4-04EB-4137-BB4F-F083A8F7E45F}.Debug|x86.Build.0 = Debug|x86
		{0400FEF4-04EB-4137-BB4F-F083A8F7E45F}.Debug|x86.Deploy.0 = Debug|x86
		{0400FEF4-04EB-4137-BB4F-F083A8F7E45F}.Release|Any CPU.ActiveCfg = Release|Any CPU
		{0400FEF4-04EB-4137-BB4F-F083A8F7E45F}.Release|Any CPU.Build.0 = Release|Any CPU
		{0400FEF4-04EB-4137-BB4F-F083A8F7E45F}.Release|Any CPU.Deploy.0 = Release|Any CPU
		{0400FEF4-04EB-4137-BB4F-F083A8F7E45F}.Release|ARM.ActiveCfg = Release|ARM
		{0400FEF4-04EB-4137-BB4F-F083A8F7E45F}.Release|ARM.Build.0 = Release|ARM
		{0400FEF4-04EB-4137-BB4F-F083A8F7E45F}.Release|ARM.Deploy.0 = Release|ARM
		{0400FEF4-04EB-4137-BB4F-F083A8F7E45F}.Release|Mixed Platforms.ActiveCfg = Release|x86
		{0400FEF4-04EB-4137-BB4F-F083A8F7E45F}.Release|Mixed Platforms.Build.0 = Release|x86
		{0400FEF4-04EB-4137-BB4F-F083A8F7E45F}.Release|Mixed Platforms.Deploy.0 = Release|x86
		{0400FEF4-04EB-4137-BB4F-F083A8F7E45F}.Release|Win32.ActiveCfg = Release|x86
		{0400FEF4-04EB-4137-BB4F-F083A8F7E45F}.Release|Win32.Build.0 = Release|x86
		{0400FEF4-04EB-4137-BB4F-F083A8F7E45F}.Release|Win32.Deploy.0 = Release|x86
		{0400FEF4-04EB-4137-BB4F-F083A8F7E45F}.Release|x64.ActiveCfg = Release|x64
		{0400FEF4-04EB-4137-BB4F-F083A8F7E45F}.Release|x64.Build.0 = Release|x64
		{0400FEF4-04EB-4137-BB4F-F083A8F7E45F}.Release|x64.Deploy.0 = Release|x64
		{0400FEF4-04EB-4137-BB4F-F083A8F7E45F}.Release|x86.ActiveCfg = Release|x86
		{0400FEF4-04EB-4137-BB4F-F083A8F7E45F}.Release|x86.Build.0 = Release|x86
		{0400FEF4-04EB-4137-BB4F-F083A8F7E45F}.Release|x86.Deploy.0 = Release|x86
		{EDA7F827-EE0E-46D2-A040-7702F69EE9E1}.Debug|Any CPU.ActiveCfg = Debug|x86
		{EDA7F827-EE0E-46D2-A040-7702F69EE9E1}.Debug|ARM.ActiveCfg = Debug|ARM
		{EDA7F827-EE0E-46D2-A040-7702F69EE9E1}.Debug|ARM.Build.0 = Debug|ARM
		{EDA7F827-EE0E-46D2-A040-7702F69EE9E1}.Debug|ARM.Deploy.0 = Debug|ARM
		{EDA7F827-EE0E-46D2-A040-7702F69EE9E1}.Debug|Mixed Platforms.ActiveCfg = Debug|x86
		{EDA7F827-EE0E-46D2-A040-7702F69EE9E1}.Debug|Mixed Platforms.Build.0 = Debug|x86
		{EDA7F827-EE0E-46D2-A040-7702F69EE9E1}.Debug|Mixed Platforms.Deploy.0 = Debug|x86
		{EDA7F827-EE0E-46D2-A040-7702F69EE9E1}.Debug|Win32.ActiveCfg = Debug|x86
		{EDA7F827-EE0E-46D2-A040-7702F69EE9E1}.Debug|Win32.Build.0 = Debug|x86
		{EDA7F827-EE0E-46D2-A040-7702F69EE9E1}.Debug|Win32.Deploy.0 = Debug|x86
		{EDA7F827-EE0E-46D2-A040-7702F69EE9E1}.Debug|x64.ActiveCfg = Debug|x86
		{EDA7F827-EE0E-46D2-A040-7702F69EE9E1}.Debug|x86.ActiveCfg = Debug|x86
		{EDA7F827-EE0E-46D2-A040-7702F69EE9E1}.Debug|x86.Build.0 = Debug|x86
		{EDA7F827-EE0E-46D2-A040-7702F69EE9E1}.Debug|x86.Deploy.0 = Debug|x86
		{EDA7F827-EE0E-46D2-A040-7702F69EE9E1}.Release|Any CPU.ActiveCfg = Release|x86
		{EDA7F827-EE0E-46D2-A040-7702F69EE9E1}.Release|ARM.ActiveCfg = Release|ARM
		{EDA7F827-EE0E-46D2-A040-7702F69EE9E1}.Release|ARM.Build.0 = Release|ARM
		{EDA7F827-EE0E-46D2-A040-7702F69EE9E1}.Release|ARM.Deploy.0 = Release|ARM
		{EDA7F827-EE0E-46D2-A040-7702F69EE9E1}.Release|Mixed Platforms.ActiveCfg = Release|x86
		{EDA7F827-EE0E-46D2-A040-7702F69EE9E1}.Release|Mixed Platforms.Build.0 = Release|x86
		{EDA7F827-EE0E-46D2-A040-7702F69EE9E1}.Release|Mixed Platforms.Deploy.0 = Release|x86
		{EDA7F827-EE0E-46D2-A040-7702F69EE9E1}.Release|Win32.ActiveCfg = Release|x86
		{EDA7F827-EE0E-46D2-A040-7702F69EE9E1}.Release|Win32.Build.0 = Release|x86
		{EDA7F827-EE0E-46D2-A040-7702F69EE9E1}.Release|Win32.Deploy.0 = Release|x86
		{EDA7F827-EE0E-46D2-A040-7702F69EE9E1}.Release|x64.ActiveCfg = Release|x86
		{EDA7F827-EE0E-46D2-A040-7702F69EE9E1}.Release|x86.ActiveCfg = Release|x86
		{EDA7F827-EE0E-46D2-A040-7702F69EE9E1}.Release|x86.Build.0 = Release|x86
		{EDA7F827-EE0E-46D2-A040-7702F69EE9E1}.Release|x86.Deploy.0 = Release|x86
	EndGlobalSection
	GlobalSection(SolutionProperties) = preSolution
		HideSolutionNode = FALSE
	EndGlobalSection
EndGlobal
